
Microsoft Visual Studio Solution File, Format Version 12.00
# Visual Studio Version 17
VisualStudioVersion = 17.5.33424.131
MinimumVisualStudioVersion = 10.0.40219.1
Project("{9A19103F-16F7-4668-BE54-9A1E7A4F7556}") = "EducationHub.API", "src\EducationHub.API\EducationHub.API.csproj", "{E998449B-B1D8-441C-8C3D-FBA0D01F210E}"
EndProject
Project("{9A19103F-16F7-4668-BE54-9A1E7A4F7556}") = "EducationHub.Business", "src\EducationHub.Business\EducationHub.Business.csproj", "{9F0BA26B-15B2-43AD-A4B8-A65830D830E3}"
EndProject
Project("{9A19103F-16F7-4668-BE54-9A1E7A4F7556}") = "EducationHub.Infrastructure", "src\EducationHub.Infrastructure\EducationHub.Infrastructure.csproj", "{4DDE5ECB-9CE2-4149-A946-04291D3369C7}"
EndProject
Project("{2150E333-8FDC-42A3-9474-1A3956D46DE8}") = "Solution Items", "Solution Items", "{57C0657B-47DA-4DC1-85E3-A957E3AC0F93}"
	ProjectSection(SolutionItems) = preProject
		src\.env = src\.env
	EndProjectSection
EndProject
Project("{9A19103F-16F7-4668-BE54-9A1E7A4F7556}") = "EducationHub.Shared", "EducationHub.Shared\EducationHub.Shared.csproj", "{421A3C6D-E58E-47AC-A06B-0C697153000A}"
EndProject
Project("{FAE04EC0-301F-11D3-BF4B-00C04F79EFBC}") = "ApiResults", "ApiResults\ApiResults.csproj", "{43A5F815-3402-4158-B59F-48D86D67D386}"
EndProject
Global
	GlobalSection(SolutionConfigurationPlatforms) = preSolution
		Debug|Any CPU = Debug|Any CPU
		Release|Any CPU = Release|Any CPU
	EndGlobalSection
	GlobalSection(ProjectConfigurationPlatforms) = postSolution
		{E998449B-B1D8-441C-8C3D-FBA0D01F210E}.Debug|Any CPU.ActiveCfg = Debug|Any CPU
		{E998449B-B1D8-441C-8C3D-FBA0D01F210E}.Debug|Any CPU.Build.0 = Debug|Any CPU
		{E998449B-B1D8-441C-8C3D-FBA0D01F210E}.Release|Any CPU.ActiveCfg = Release|Any CPU
		{E998449B-B1D8-441C-8C3D-FBA0D01F210E}.Release|Any CPU.Build.0 = Release|Any CPU
		{9F0BA26B-15B2-43AD-A4B8-A65830D830E3}.Debug|Any CPU.ActiveCfg = Debug|Any CPU
		{9F0BA26B-15B2-43AD-A4B8-A65830D830E3}.Debug|Any CPU.Build.0 = Debug|Any CPU
		{9F0BA26B-15B2-43AD-A4B8-A65830D830E3}.Release|Any CPU.ActiveCfg = Release|Any CPU
		{9F0BA26B-15B2-43AD-A4B8-A65830D830E3}.Release|Any CPU.Build.0 = Release|Any CPU
		{4DDE5ECB-9CE2-4149-A946-04291D3369C7}.Debug|Any CPU.ActiveCfg = Debug|Any CPU
		{4DDE5ECB-9CE2-4149-A946-04291D3369C7}.Debug|Any CPU.Build.0 = Debug|Any CPU
		{4DDE5ECB-9CE2-4149-A946-04291D3369C7}.Release|Any CPU.ActiveCfg = Release|Any CPU
		{4DDE5ECB-9CE2-4149-A946-04291D3369C7}.Release|Any CPU.Build.0 = Release|Any CPU
		{421A3C6D-E58E-47AC-A06B-0C697153000A}.Debug|Any CPU.ActiveCfg = Debug|Any CPU
		{421A3C6D-E58E-47AC-A06B-0C697153000A}.Debug|Any CPU.Build.0 = Debug|Any CPU
		{421A3C6D-E58E-47AC-A06B-0C697153000A}.Release|Any CPU.ActiveCfg = Release|Any CPU
		{421A3C6D-E58E-47AC-A06B-0C697153000A}.Release|Any CPU.Build.0 = Release|Any CPU
		{43A5F815-3402-4158-B59F-48D86D67D386}.Debug|Any CPU.ActiveCfg = Debug|Any CPU
		{43A5F815-3402-4158-B59F-48D86D67D386}.Debug|Any CPU.Build.0 = Debug|Any CPU
		{43A5F815-3402-4158-B59F-48D86D67D386}.Release|Any CPU.ActiveCfg = Release|Any CPU
		{43A5F815-3402-4158-B59F-48D86D67D386}.Release|Any CPU.Build.0 = Release|Any CPU
	EndGlobalSection
	GlobalSection(SolutionProperties) = preSolution
		HideSolutionNode = FALSE
	EndGlobalSection
	GlobalSection(ExtensibilityGlobals) = postSolution
		SolutionGuid = {8B264D28-DCFC-4BC8-BAD1-DA2299A84C3D}
	EndGlobalSection
EndGlobal
